
Microsoft Visual Studio Solution File, Format Version 12.00
# Visual Studio 15
VisualStudioVersion = 15.0.28307.902
MinimumVisualStudioVersion = 10.0.40219.1
Project("{FAE04EC0-301F-11D3-BF4B-00C04F79EFBC}") = "Информационная система", "Информационная система\Информационная система.csproj", "{B67CB552-E672-4C01-9A69-584C9AE51F29}"
EndProject
Global
	GlobalSection(SolutionConfigurationPlatforms) = preSolution
		Debug|Any CPU = Debug|Any CPU
		Release|Any CPU = Release|Any CPU
	EndGlobalSection
	GlobalSection(ProjectConfigurationPlatforms) = postSolution
		{B67CB552-E672-4C01-9A69-584C9AE51F29}.Debug|Any CPU.ActiveCfg = Debug|Any CPU
		{B67CB552-E672-4C01-9A69-584C9AE51F29}.Debug|Any CPU.Build.0 = Debug|Any CPU
		{B67CB552-E672-4C01-9A69-584C9AE51F29}.Release|Any CPU.ActiveCfg = Release|Any CPU
		{B67CB552-E672-4C01-9A69-584C9AE51F29}.Release|Any CPU.Build.0 = Release|Any CPU
	EndGlobalSection
	GlobalSection(SolutionProperties) = preSolution
		HideSolutionNode = FALSE
	EndGlobalSection
	GlobalSection(ExtensibilityGlobals) = postSolution
		SolutionGuid = {25B94C32-0218-4EDD-AC55-4C33538B02D6}
	EndGlobalSection
EndGlobal
